// !$*UTF8*$!
{
	archiveVersion = 1;
	classes = {
	};
	objectVersion = 46;
	objects = {

/* Begin PBXBuildFile section */
		8D1D3C2D1E80B38100A606DC /* OpenGLES.framework in Frameworks */ = {isa = PBXBuildFile; fileRef = 8D1D3C2C1E80B38100A606DC /* OpenGLES.framework */; };
		8D1D3C2F1E80B38B00A606DC /* QuartzCore.framework in Frameworks */ = {isa = PBXBuildFile; fileRef = 8D1D3C2E1E80B38B00A606DC /* QuartzCore.framework */; };
		8D1D3C361E80B5EC00A606DC /* ParticleFilter.mm in Sources */ = {isa = PBXBuildFile; fileRef = 8D1D3C341E80B5EC00A606DC /* ParticleFilter.mm */; };
		8D1D3C391E80DFAD00A606DC /* CalcDistance.mm in Sources */ = {isa = PBXBuildFile; fileRef = 8D1D3C371E80DFAD00A606DC /* CalcDistance.mm */; };
		8D1D3C3D1E82417700A606DC /* TemplateMatcher.mm in Sources */ = {isa = PBXBuildFile; fileRef = 8D1D3C3B1E82417700A606DC /* TemplateMatcher.mm */; };
		8D1D3C401E836F6900A606DC /* FeatureMatcher.mm in Sources */ = {isa = PBXBuildFile; fileRef = 8D1D3C3E1E836F6900A606DC /* FeatureMatcher.mm */; };
		8D2F30F81E85039900910F28 /*  ElipseAnalysis in Resources */ = {isa = PBXBuildFile; fileRef = 8D2F30EC1E85039800910F28 /*  ElipseAnalysis */; };
		8D2F30F91E85039900910F28 /* AffineCalibration in Resources */ = {isa = PBXBuildFile; fileRef = 8D2F30ED1E85039900910F28 /* AffineCalibration */; };
		8D2F30FA1E85039900910F28 /* BundleAdjustment in Resources */ = {isa = PBXBuildFile; fileRef = 8D2F30EE1E85039900910F28 /* BundleAdjustment */; };
		8D2F30FB1E85039900910F28 /* EllipseFitting in Resources */ = {isa = PBXBuildFile; fileRef = 8D2F30EF1E85039900910F28 /* EllipseFitting */; };
		8D2F30FC1E85039900910F28 /* FMatrixComputation in Resources */ = {isa = PBXBuildFile; fileRef = 8D2F30F01E85039900910F28 /* FMatrixComputation */; };
		8D2F30FD1E85039900910F28 /* HomographyComputation in Resources */ = {isa = PBXBuildFile; fileRef = 8D2F30F11E85039900910F28 /* HomographyComputation */; };
		8D2F30FE1E85039900910F28 /* MultipleViewTriangulation in Resources */ = {isa = PBXBuildFile; fileRef = 8D2F30F21E85039900910F28 /* MultipleViewTriangulation */; };
		8D2F30FF1E85039900910F28 /* PerapectiveSelfCalibration in Resources */ = {isa = PBXBuildFile; fileRef = 8D2F30F31E85039900910F28 /* PerapectiveSelfCalibration */; };
		8D2F31001E85039900910F28 /* PlanarTriangulation in Resources */ = {isa = PBXBuildFile; fileRef = 8D2F30F41E85039900910F28 /* PlanarTriangulation */; };
		8D2F31011E85039900910F28 /* PlaneReconstruction in Resources */ = {isa = PBXBuildFile; fileRef = 8D2F30F51E85039900910F28 /* PlaneReconstruction */; };
		8D2F31021E85039900910F28 /* Triangulation in Resources */ = {isa = PBXBuildFile; fileRef = 8D2F30F61E85039900910F28 /* Triangulation */; };
		8D2F31031E85039900910F28 /* TwoViewReconstruction in Resources */ = {isa = PBXBuildFile; fileRef = 8D2F30F71E85039900910F28 /* TwoViewReconstruction */; };
		8D2F31061E8507B400910F28 /* FrameTracker.mm in Sources */ = {isa = PBXBuildFile; fileRef = 8D2F31041E8507B400910F28 /* FrameTracker.mm */; };
		8D509C3F1E8CF9A300404612 /* opencv2.framework in Frameworks */ = {isa = PBXBuildFile; fileRef = 8D509C3E1E8CF9A300404612 /* opencv2.framework */; };
		8D509CBB1E91DEFF00404612 /* OpticalFlowCalculator.mm in Sources */ = {isa = PBXBuildFile; fileRef = 8D509CB91E91DEFF00404612 /* OpticalFlowCalculator.mm */; };
		8D509CC11E93840600404612 /* qrcode.xml in Resources */ = {isa = PBXBuildFile; fileRef = 8D509CC01E93840600404612 /* qrcode.xml */; };
		8D509CC41E947C9200404612 /* QRFinder.mm in Sources */ = {isa = PBXBuildFile; fileRef = 8D509CC21E947C9200404612 /* QRFinder.mm */; };
		8DD5DCA71E7BDE6D008EC25A /* main.m in Sources */ = {isa = PBXBuildFile; fileRef = 8DD5DCA61E7BDE6D008EC25A /* main.m */; };
		8DD5DCAA1E7BDE6D008EC25A /* AppDelegate.m in Sources */ = {isa = PBXBuildFile; fileRef = 8DD5DCA91E7BDE6D008EC25A /* AppDelegate.m */; };
		8DD5DCB01E7BDE6D008EC25A /* Main.storyboard in Resources */ = {isa = PBXBuildFile; fileRef = 8DD5DCAE1E7BDE6D008EC25A /* Main.storyboard */; };
		8DD5DCB21E7BDE6D008EC25A /* Assets.xcassets in Resources */ = {isa = PBXBuildFile; fileRef = 8DD5DCB11E7BDE6D008EC25A /* Assets.xcassets */; };
		8DD5DCB51E7BDE6D008EC25A /* LaunchScreen.storyboard in Resources */ = {isa = PBXBuildFile; fileRef = 8DD5DCB31E7BDE6D008EC25A /* LaunchScreen.storyboard */; };
		8DD5DCC01E7BDE6D008EC25A /* MobileTrackingTests.m in Sources */ = {isa = PBXBuildFile; fileRef = 8DD5DCBF1E7BDE6D008EC25A /* MobileTrackingTests.m */; };
		8DD5DCCB1E7BDE6D008EC25A /* MobileTrackingUITests.m in Sources */ = {isa = PBXBuildFile; fileRef = 8DD5DCCA1E7BDE6D008EC25A /* MobileTrackingUITests.m */; };
		8DD5DCDE1E7BE0D4008EC25A /* AudioToolbox.framework in Frameworks */ = {isa = PBXBuildFile; fileRef = 8DD5DCDD1E7BE0D4008EC25A /* AudioToolbox.framework */; };
		8DD5DCE01E7BE0DD008EC25A /* CoreMedia.framework in Frameworks */ = {isa = PBXBuildFile; fileRef = 8DD5DCDF1E7BE0DD008EC25A /* CoreMedia.framework */; };
		8DD5DCE21E7BE0E5008EC25A /* CoreVideo.framework in Frameworks */ = {isa = PBXBuildFile; fileRef = 8DD5DCE11E7BE0E5008EC25A /* CoreVideo.framework */; };
		8DD5DCEB1E7BF6AC008EC25A /* ViewController.mm in Sources */ = {isa = PBXBuildFile; fileRef = 8DD5DCAC1E7BDE6D008EC25A /* ViewController.mm */; };
		8DD5DCEC1E7BF76C008EC25A /* ImageProcessor.mm in Sources */ = {isa = PBXBuildFile; fileRef = 8DD5DCE81E7BEB49008EC25A /* ImageProcessor.mm */; };
		8DEAEB721E7BF8D60064E4E6 /* AVFoundation.framework in Frameworks */ = {isa = PBXBuildFile; fileRef = 8DEAEB711E7BF8D60064E4E6 /* AVFoundation.framework */; };
/* End PBXBuildFile section */

/* Begin PBXContainerItemProxy section */
		8DD5DCBC1E7BDE6D008EC25A /* PBXContainerItemProxy */ = {
			isa = PBXContainerItemProxy;
			containerPortal = 8DD5DC9A1E7BDE6C008EC25A /* Project object */;
			proxyType = 1;
			remoteGlobalIDString = 8DD5DCA11E7BDE6C008EC25A;
			remoteInfo = MobileTracking;
		};
		8DD5DCC71E7BDE6D008EC25A /* PBXContainerItemProxy */ = {
			isa = PBXContainerItemProxy;
			containerPortal = 8DD5DC9A1E7BDE6C008EC25A /* Project object */;
			proxyType = 1;
			remoteGlobalIDString = 8DD5DCA11E7BDE6C008EC25A;
			remoteInfo = MobileTracking;
		};
/* End PBXContainerItemProxy section */

/* Begin PBXFileReference section */
		8D1D3C2C1E80B38100A606DC /* OpenGLES.framework */ = {isa = PBXFileReference; lastKnownFileType = wrapper.framework; name = OpenGLES.framework; path = System/Library/Frameworks/OpenGLES.framework; sourceTree = SDKROOT; };
		8D1D3C2E1E80B38B00A606DC /* QuartzCore.framework */ = {isa = PBXFileReference; lastKnownFileType = wrapper.framework; name = QuartzCore.framework; path = System/Library/Frameworks/QuartzCore.framework; sourceTree = SDKROOT; };
		8D1D3C301E80B39900A606DC /* CoreGraphics.framework */ = {isa = PBXFileReference; lastKnownFileType = wrapper.framework; name = CoreGraphics.framework; path = System/Library/Frameworks/CoreGraphics.framework; sourceTree = SDKROOT; };
		8D1D3C321E80B3A700A606DC /* UIKit.framework */ = {isa = PBXFileReference; lastKnownFileType = wrapper.framework; name = UIKit.framework; path = System/Library/Frameworks/UIKit.framework; sourceTree = SDKROOT; };
		8D1D3C341E80B5EC00A606DC /* ParticleFilter.mm */ = {isa = PBXFileReference; explicitFileType = sourcecode.cpp.objcpp; fileEncoding = 4; name = ParticleFilter.mm; path = cv/ParticleFilter.mm; sourceTree = "<group>"; };
		8D1D3C351E80B5EC00A606DC /* ParticleFilter.hpp */ = {isa = PBXFileReference; fileEncoding = 4; lastKnownFileType = sourcecode.cpp.h; name = ParticleFilter.hpp; path = cv/ParticleFilter.hpp; sourceTree = "<group>"; };
		8D1D3C371E80DFAD00A606DC /* CalcDistance.mm */ = {isa = PBXFileReference; fileEncoding = 4; lastKnownFileType = sourcecode.cpp.objcpp; name = CalcDistance.mm; path = cv/CalcDistance.mm; sourceTree = "<group>"; };
		8D1D3C381E80DFAD00A606DC /* CalcDistance.hpp */ = {isa = PBXFileReference; fileEncoding = 4; lastKnownFileType = sourcecode.cpp.h; name = CalcDistance.hpp; path = cv/CalcDistance.hpp; sourceTree = "<group>"; };
		8D1D3C3A1E8219BB00A606DC /* Utils.hpp */ = {isa = PBXFileReference; lastKnownFileType = sourcecode.cpp.h; name = Utils.hpp; path = cv/Utils.hpp; sourceTree = "<group>"; };
		8D1D3C3B1E82417700A606DC /* TemplateMatcher.mm */ = {isa = PBXFileReference; fileEncoding = 4; lastKnownFileType = sourcecode.cpp.objcpp; name = TemplateMatcher.mm; path = cv/TemplateMatcher.mm; sourceTree = "<group>"; };
		8D1D3C3C1E82417700A606DC /* TemplateMatcher.hpp */ = {isa = PBXFileReference; fileEncoding = 4; lastKnownFileType = sourcecode.cpp.h; name = TemplateMatcher.hpp; path = cv/TemplateMatcher.hpp; sourceTree = "<group>"; };
		8D1D3C3E1E836F6900A606DC /* FeatureMatcher.mm */ = {isa = PBXFileReference; fileEncoding = 4; lastKnownFileType = sourcecode.cpp.objcpp; name = FeatureMatcher.mm; path = cv/FeatureMatcher.mm; sourceTree = "<group>"; };
		8D1D3C3F1E836F6900A606DC /* FeatureMatcher.hpp */ = {isa = PBXFileReference; fileEncoding = 4; lastKnownFileType = sourcecode.cpp.h; name = FeatureMatcher.hpp; path = cv/FeatureMatcher.hpp; sourceTree = "<group>"; };
		8D2F30EC1E85039800910F28 /*  ElipseAnalysis */ = {isa = PBXFileReference; lastKnownFileType = folder; name = " ElipseAnalysis"; path = "vision_algoriths/ ElipseAnalysis"; sourceTree = "<group>"; };
		8D2F30ED1E85039900910F28 /* AffineCalibration */ = {isa = PBXFileReference; lastKnownFileType = folder; name = AffineCalibration; path = vision_algoriths/AffineCalibration; sourceTree = "<group>"; };
		8D2F30EE1E85039900910F28 /* BundleAdjustment */ = {isa = PBXFileReference; lastKnownFileType = folder; name = BundleAdjustment; path = vision_algoriths/BundleAdjustment; sourceTree = "<group>"; };
		8D2F30EF1E85039900910F28 /* EllipseFitting */ = {isa = PBXFileReference; lastKnownFileType = folder; name = EllipseFitting; path = vision_algoriths/EllipseFitting; sourceTree = "<group>"; };
		8D2F30F01E85039900910F28 /* FMatrixComputation */ = {isa = PBXFileReference; lastKnownFileType = folder; name = FMatrixComputation; path = vision_algoriths/FMatrixComputation; sourceTree = "<group>"; };
		8D2F30F11E85039900910F28 /* HomographyComputation */ = {isa = PBXFileReference; lastKnownFileType = folder; name = HomographyComputation; path = vision_algoriths/HomographyComputation; sourceTree = "<group>"; };
		8D2F30F21E85039900910F28 /* MultipleViewTriangulation */ = {isa = PBXFileReference; lastKnownFileType = folder; name = MultipleViewTriangulation; path = vision_algoriths/MultipleViewTriangulation; sourceTree = "<group>"; };
		8D2F30F31E85039900910F28 /* PerapectiveSelfCalibration */ = {isa = PBXFileReference; lastKnownFileType = folder; name = PerapectiveSelfCalibration; path = vision_algoriths/PerapectiveSelfCalibration; sourceTree = "<group>"; };
		8D2F30F41E85039900910F28 /* PlanarTriangulation */ = {isa = PBXFileReference; lastKnownFileType = folder; name = PlanarTriangulation; path = vision_algoriths/PlanarTriangulation; sourceTree = "<group>"; };
		8D2F30F51E85039900910F28 /* PlaneReconstruction */ = {isa = PBXFileReference; lastKnownFileType = folder; name = PlaneReconstruction; path = vision_algoriths/PlaneReconstruction; sourceTree = "<group>"; };
		8D2F30F61E85039900910F28 /* Triangulation */ = {isa = PBXFileReference; lastKnownFileType = folder; name = Triangulation; path = vision_algoriths/Triangulation; sourceTree = "<group>"; };
		8D2F30F71E85039900910F28 /* TwoViewReconstruction */ = {isa = PBXFileReference; lastKnownFileType = folder; name = TwoViewReconstruction; path = vision_algoriths/TwoViewReconstruction; sourceTree = "<group>"; };
		8D2F31041E8507B400910F28 /* FrameTracker.mm */ = {isa = PBXFileReference; fileEncoding = 4; lastKnownFileType = sourcecode.cpp.objcpp; name = FrameTracker.mm; path = cv/FrameTracker.mm; sourceTree = "<group>"; };
		8D2F31051E8507B400910F28 /* FrameTracker.hpp */ = {isa = PBXFileReference; fileEncoding = 4; lastKnownFileType = sourcecode.cpp.h; name = FrameTracker.hpp; path = cv/FrameTracker.hpp; sourceTree = "<group>"; };
		8D509C3E1E8CF9A300404612 /* opencv2.framework */ = {isa = PBXFileReference; lastKnownFileType = wrapper.framework; name = opencv2.framework; path = ../../../../Documents/Library/opencv3.2/ios/opencv2.framework; sourceTree = "<group>"; };
		8D509CB91E91DEFF00404612 /* OpticalFlowCalculator.mm */ = {isa = PBXFileReference; fileEncoding = 4; lastKnownFileType = sourcecode.cpp.objcpp; name = OpticalFlowCalculator.mm; path = cv/OpticalFlowCalculator.mm; sourceTree = "<group>"; };
		8D509CBA1E91DEFF00404612 /* OpticalFlowCalculator.hpp */ = {isa = PBXFileReference; fileEncoding = 4; lastKnownFileType = sourcecode.cpp.h; name = OpticalFlowCalculator.hpp; path = cv/OpticalFlowCalculator.hpp; sourceTree = "<group>"; };
		8D509CC01E93840600404612 /* qrcode.xml */ = {isa = PBXFileReference; fileEncoding = 4; lastKnownFileType = text.xml; path = qrcode.xml; sourceTree = "<group>"; };
		8D509CC21E947C9200404612 /* QRFinder.mm */ = {isa = PBXFileReference; fileEncoding = 4; lastKnownFileType = sourcecode.cpp.objcpp; name = QRFinder.mm; path = cv/QRFinder.mm; sourceTree = "<group>"; };
		8D509CC31E947C9200404612 /* QRFinder.hpp */ = {isa = PBXFileReference; fileEncoding = 4; lastKnownFileType = sourcecode.cpp.h; name = QRFinder.hpp; path = cv/QRFinder.hpp; sourceTree = "<group>"; };
		8DD5DCA21E7BDE6D008EC25A /* MobilTracker.app */ = {isa = PBXFileReference; explicitFileType = wrapper.application; includeInIndex = 0; path = MobilTracker.app; sourceTree = BUILT_PRODUCTS_DIR; };
		8DD5DCA61E7BDE6D008EC25A /* main.m */ = {isa = PBXFileReference; lastKnownFileType = sourcecode.c.objc; path = main.m; sourceTree = "<group>"; };
		8DD5DCA81E7BDE6D008EC25A /* AppDelegate.h */ = {isa = PBXFileReference; lastKnownFileType = sourcecode.c.h; path = AppDelegate.h; sourceTree = "<group>"; };
		8DD5DCA91E7BDE6D008EC25A /* AppDelegate.m */ = {isa = PBXFileReference; lastKnownFileType = sourcecode.c.objc; path = AppDelegate.m; sourceTree = "<group>"; };
		8DD5DCAB1E7BDE6D008EC25A /* ViewController.h */ = {isa = PBXFileReference; lastKnownFileType = sourcecode.c.h; path = ViewController.h; sourceTree = "<group>"; };
		8DD5DCAC1E7BDE6D008EC25A /* ViewController.mm */ = {isa = PBXFileReference; lastKnownFileType = sourcecode.cpp.objcpp; path = ViewController.mm; sourceTree = "<group>"; };
		8DD5DCAF1E7BDE6D008EC25A /* Base */ = {isa = PBXFileReference; lastKnownFileType = file.storyboard; name = Base; path = Base.lproj/Main.storyboard; sourceTree = "<group>"; };
		8DD5DCB11E7BDE6D008EC25A /* Assets.xcassets */ = {isa = PBXFileReference; lastKnownFileType = folder.assetcatalog; path = Assets.xcassets; sourceTree = "<group>"; };
		8DD5DCB41E7BDE6D008EC25A /* Base */ = {isa = PBXFileReference; lastKnownFileType = file.storyboard; name = Base; path = Base.lproj/LaunchScreen.storyboard; sourceTree = "<group>"; };
		8DD5DCB61E7BDE6D008EC25A /* Info.plist */ = {isa = PBXFileReference; lastKnownFileType = text.plist.xml; path = Info.plist; sourceTree = "<group>"; };
		8DD5DCBB1E7BDE6D008EC25A /* MobilTrackerTests.xctest */ = {isa = PBXFileReference; explicitFileType = wrapper.cfbundle; includeInIndex = 0; path = MobilTrackerTests.xctest; sourceTree = BUILT_PRODUCTS_DIR; };
		8DD5DCBF1E7BDE6D008EC25A /* MobileTrackingTests.m */ = {isa = PBXFileReference; lastKnownFileType = sourcecode.c.objc; path = MobileTrackingTests.m; sourceTree = "<group>"; };
		8DD5DCC11E7BDE6D008EC25A /* Info.plist */ = {isa = PBXFileReference; lastKnownFileType = text.plist.xml; path = Info.plist; sourceTree = "<group>"; };
		8DD5DCC61E7BDE6D008EC25A /* MobilTrackerUITests.xctest */ = {isa = PBXFileReference; explicitFileType = wrapper.cfbundle; includeInIndex = 0; path = MobilTrackerUITests.xctest; sourceTree = BUILT_PRODUCTS_DIR; };
		8DD5DCCA1E7BDE6D008EC25A /* MobileTrackingUITests.m */ = {isa = PBXFileReference; lastKnownFileType = sourcecode.c.objc; path = MobileTrackingUITests.m; sourceTree = "<group>"; };
		8DD5DCCC1E7BDE6D008EC25A /* Info.plist */ = {isa = PBXFileReference; lastKnownFileType = text.plist.xml; path = Info.plist; sourceTree = "<group>"; };
		8DD5DCDD1E7BE0D4008EC25A /* AudioToolbox.framework */ = {isa = PBXFileReference; lastKnownFileType = wrapper.framework; name = AudioToolbox.framework; path = System/Library/Frameworks/AudioToolbox.framework; sourceTree = SDKROOT; };
		8DD5DCDF1E7BE0DD008EC25A /* CoreMedia.framework */ = {isa = PBXFileReference; lastKnownFileType = wrapper.framework; name = CoreMedia.framework; path = System/Library/Frameworks/CoreMedia.framework; sourceTree = SDKROOT; };
		8DD5DCE11E7BE0E5008EC25A /* CoreVideo.framework */ = {isa = PBXFileReference; lastKnownFileType = wrapper.framework; name = CoreVideo.framework; path = System/Library/Frameworks/CoreVideo.framework; sourceTree = SDKROOT; };
		8DD5DCE81E7BEB49008EC25A /* ImageProcessor.mm */ = {isa = PBXFileReference; fileEncoding = 4; lastKnownFileType = sourcecode.cpp.objcpp; name = ImageProcessor.mm; path = cv/ImageProcessor.mm; sourceTree = "<group>"; };
		8DD5DCE91E7BEB49008EC25A /* ImageProcessor.hpp */ = {isa = PBXFileReference; explicitFileType = sourcecode.cpp.h; fileEncoding = 4; name = ImageProcessor.hpp; path = cv/ImageProcessor.hpp; sourceTree = "<group>"; };
		8DEAEB711E7BF8D60064E4E6 /* AVFoundation.framework */ = {isa = PBXFileReference; lastKnownFileType = wrapper.framework; name = AVFoundation.framework; path = System/Library/Frameworks/AVFoundation.framework; sourceTree = SDKROOT; };
/* End PBXFileReference section */

/* Begin PBXFrameworksBuildPhase section */
		8DD5DC9F1E7BDE6C008EC25A /* Frameworks */ = {
			isa = PBXFrameworksBuildPhase;
			buildActionMask = 2147483647;
			files = (
				8D509C3F1E8CF9A300404612 /* opencv2.framework in Frameworks */,
				8D1D3C2F1E80B38B00A606DC /* QuartzCore.framework in Frameworks */,
				8D1D3C2D1E80B38100A606DC /* OpenGLES.framework in Frameworks */,
				8DEAEB721E7BF8D60064E4E6 /* AVFoundation.framework in Frameworks */,
				8DD5DCE21E7BE0E5008EC25A /* CoreVideo.framework in Frameworks */,
				8DD5DCE01E7BE0DD008EC25A /* CoreMedia.framework in Frameworks */,
				8DD5DCDE1E7BE0D4008EC25A /* AudioToolbox.framework in Frameworks */,
			);
			runOnlyForDeploymentPostprocessing = 0;
		};
		8DD5DCB81E7BDE6D008EC25A /* Frameworks */ = {
			isa = PBXFrameworksBuildPhase;
			buildActionMask = 2147483647;
			files = (
			);
			runOnlyForDeploymentPostprocessing = 0;
		};
		8DD5DCC31E7BDE6D008EC25A /* Frameworks */ = {
			isa = PBXFrameworksBuildPhase;
			buildActionMask = 2147483647;
			files = (
			);
			runOnlyForDeploymentPostprocessing = 0;
		};
/* End PBXFrameworksBuildPhase section */

/* Begin PBXGroup section */
		8D2F30EB1E84F9BF00910F28 /* vision_algorithms */ = {
			isa = PBXGroup;
			children = (
				8D2F30EC1E85039800910F28 /*  ElipseAnalysis */,
				8D2F30ED1E85039900910F28 /* AffineCalibration */,
				8D2F30EE1E85039900910F28 /* BundleAdjustment */,
				8D2F30EF1E85039900910F28 /* EllipseFitting */,
				8D2F30F01E85039900910F28 /* FMatrixComputation */,
				8D2F30F11E85039900910F28 /* HomographyComputation */,
				8D2F30F21E85039900910F28 /* MultipleViewTriangulation */,
				8D2F30F31E85039900910F28 /* PerapectiveSelfCalibration */,
				8D2F30F41E85039900910F28 /* PlanarTriangulation */,
				8D2F30F51E85039900910F28 /* PlaneReconstruction */,
				8D2F30F61E85039900910F28 /* Triangulation */,
				8D2F30F71E85039900910F28 /* TwoViewReconstruction */,
			);
			name = vision_algorithms;
			sourceTree = "<group>";
		};
		8D509CBF1E93837400404612 /* Resources */ = {
			isa = PBXGroup;
			children = (
				8D509CC01E93840600404612 /* qrcode.xml */,
			);
			name = Resources;
			path = MobileTracker/Resources;
			sourceTree = "<group>";
		};
		8DD5DC991E7BDE6C008EC25A = {
			isa = PBXGroup;
			children = (
				8DD5DCA41E7BDE6D008EC25A /* MobileTracker */,
				8DD5DCBE1E7BDE6D008EC25A /* MobileTrackerTests */,
				8DD5DCC91E7BDE6D008EC25A /* MobileTrackerUITests */,
				8DD5DCA31E7BDE6D008EC25A /* Products */,
				8DD5DCD81E7BDF68008EC25A /* Frameworks */,
				8D509CBF1E93837400404612 /* Resources */,
			);
			sourceTree = "<group>";
		};
		8DD5DCA31E7BDE6D008EC25A /* Products */ = {
			isa = PBXGroup;
			children = (
				8DD5DCA21E7BDE6D008EC25A /* MobilTracker.app */,
				8DD5DCBB1E7BDE6D008EC25A /* MobilTrackerTests.xctest */,
				8DD5DCC61E7BDE6D008EC25A /* MobilTrackerUITests.xctest */,
			);
			name = Products;
			sourceTree = "<group>";
		};
		8DD5DCA41E7BDE6D008EC25A /* MobileTracker */ = {
			isa = PBXGroup;
			children = (
				8D2F30EB1E84F9BF00910F28 /* vision_algorithms */,
				8DD5DCE71E7BEAE0008EC25A /* cv */,
				8DD5DCA81E7BDE6D008EC25A /* AppDelegate.h */,
				8DD5DCA91E7BDE6D008EC25A /* AppDelegate.m */,
				8DD5DCAB1E7BDE6D008EC25A /* ViewController.h */,
				8DD5DCAC1E7BDE6D008EC25A /* ViewController.mm */,
				8DD5DCAE1E7BDE6D008EC25A /* Main.storyboard */,
				8DD5DCB11E7BDE6D008EC25A /* Assets.xcassets */,
				8DD5DCB31E7BDE6D008EC25A /* LaunchScreen.storyboard */,
				8DD5DCB61E7BDE6D008EC25A /* Info.plist */,
				8DD5DCA51E7BDE6D008EC25A /* Supporting Files */,
			);
			path = MobileTracker;
			sourceTree = "<group>";
		};
		8DD5DCA51E7BDE6D008EC25A /* Supporting Files */ = {
			isa = PBXGroup;
			children = (
				8DD5DCA61E7BDE6D008EC25A /* main.m */,
			);
			name = "Supporting Files";
			sourceTree = "<group>";
		};
		8DD5DCBE1E7BDE6D008EC25A /* MobileTrackerTests */ = {
			isa = PBXGroup;
			children = (
				8DD5DCBF1E7BDE6D008EC25A /* MobileTrackingTests.m */,
				8DD5DCC11E7BDE6D008EC25A /* Info.plist */,
			);
			path = MobileTrackerTests;
			sourceTree = "<group>";
		};
		8DD5DCC91E7BDE6D008EC25A /* MobileTrackerUITests */ = {
			isa = PBXGroup;
			children = (
				8DD5DCCA1E7BDE6D008EC25A /* MobileTrackingUITests.m */,
				8DD5DCCC1E7BDE6D008EC25A /* Info.plist */,
			);
			path = MobileTrackerUITests;
			sourceTree = "<group>";
		};
		8DD5DCD81E7BDF68008EC25A /* Frameworks */ = {
			isa = PBXGroup;
			children = (
				8D509C3E1E8CF9A300404612 /* opencv2.framework */,
				8D1D3C321E80B3A700A606DC /* UIKit.framework */,
				8D1D3C301E80B39900A606DC /* CoreGraphics.framework */,
				8D1D3C2E1E80B38B00A606DC /* QuartzCore.framework */,
				8D1D3C2C1E80B38100A606DC /* OpenGLES.framework */,
				8DEAEB711E7BF8D60064E4E6 /* AVFoundation.framework */,
				8DD5DCE11E7BE0E5008EC25A /* CoreVideo.framework */,
				8DD5DCDF1E7BE0DD008EC25A /* CoreMedia.framework */,
				8DD5DCDD1E7BE0D4008EC25A /* AudioToolbox.framework */,
			);
			name = Frameworks;
			sourceTree = "<group>";
		};
		8DD5DCE71E7BEAE0008EC25A /* cv */ = {
			isa = PBXGroup;
			children = (
				8D1D3C3A1E8219BB00A606DC /* Utils.hpp */,
				8DD5DCE81E7BEB49008EC25A /* ImageProcessor.mm */,
				8DD5DCE91E7BEB49008EC25A /* ImageProcessor.hpp */,
				8D1D3C341E80B5EC00A606DC /* ParticleFilter.mm */,
				8D1D3C351E80B5EC00A606DC /* ParticleFilter.hpp */,
				8D1D3C371E80DFAD00A606DC /* CalcDistance.mm */,
				8D1D3C381E80DFAD00A606DC /* CalcDistance.hpp */,
				8D1D3C3B1E82417700A606DC /* TemplateMatcher.mm */,
				8D1D3C3C1E82417700A606DC /* TemplateMatcher.hpp */,
				8D1D3C3E1E836F6900A606DC /* FeatureMatcher.mm */,
				8D1D3C3F1E836F6900A606DC /* FeatureMatcher.hpp */,
				8D2F31041E8507B400910F28 /* FrameTracker.mm */,
				8D2F31051E8507B400910F28 /* FrameTracker.hpp */,
				8D509CB91E91DEFF00404612 /* OpticalFlowCalculator.mm */,
				8D509CBA1E91DEFF00404612 /* OpticalFlowCalculator.hpp */,
				8D509CC21E947C9200404612 /* QRFinder.mm */,
				8D509CC31E947C9200404612 /* QRFinder.hpp */,
			);
			name = cv;
			sourceTree = "<group>";
		};
/* End PBXGroup section */

/* Begin PBXNativeTarget section */
		8DD5DCA11E7BDE6C008EC25A /* MobilTracker */ = {
			isa = PBXNativeTarget;
			buildConfigurationList = 8DD5DCCF1E7BDE6D008EC25A /* Build configuration list for PBXNativeTarget "MobilTracker" */;
			buildPhases = (
				8DD5DC9E1E7BDE6C008EC25A /* Sources */,
				8DD5DC9F1E7BDE6C008EC25A /* Frameworks */,
				8DD5DCA01E7BDE6C008EC25A /* Resources */,
			);
			buildRules = (
			);
			dependencies = (
			);
			name = MobilTracker;
			productName = MobileTracking;
			productReference = 8DD5DCA21E7BDE6D008EC25A /* MobilTracker.app */;
			productType = "com.apple.product-type.application";
		};
		8DD5DCBA1E7BDE6D008EC25A /* MobilTrackerTests */ = {
			isa = PBXNativeTarget;
			buildConfigurationList = 8DD5DCD21E7BDE6D008EC25A /* Build configuration list for PBXNativeTarget "MobilTrackerTests" */;
			buildPhases = (
				8DD5DCB71E7BDE6D008EC25A /* Sources */,
				8DD5DCB81E7BDE6D008EC25A /* Frameworks */,
				8DD5DCB91E7BDE6D008EC25A /* Resources */,
			);
			buildRules = (
			);
			dependencies = (
				8DD5DCBD1E7BDE6D008EC25A /* PBXTargetDependency */,
			);
			name = MobilTrackerTests;
			productName = MobileTrackingTests;
			productReference = 8DD5DCBB1E7BDE6D008EC25A /* MobilTrackerTests.xctest */;
			productType = "com.apple.product-type.bundle.unit-test";
		};
		8DD5DCC51E7BDE6D008EC25A /* MobilTrackerUITests */ = {
			isa = PBXNativeTarget;
			buildConfigurationList = 8DD5DCD51E7BDE6D008EC25A /* Build configuration list for PBXNativeTarget "MobilTrackerUITests" */;
			buildPhases = (
				8DD5DCC21E7BDE6D008EC25A /* Sources */,
				8DD5DCC31E7BDE6D008EC25A /* Frameworks */,
				8DD5DCC41E7BDE6D008EC25A /* Resources */,
			);
			buildRules = (
			);
			dependencies = (
				8DD5DCC81E7BDE6D008EC25A /* PBXTargetDependency */,
			);
			name = MobilTrackerUITests;
			productName = MobileTrackingUITests;
			productReference = 8DD5DCC61E7BDE6D008EC25A /* MobilTrackerUITests.xctest */;
			productType = "com.apple.product-type.bundle.ui-testing";
		};
/* End PBXNativeTarget section */

/* Begin PBXProject section */
		8DD5DC9A1E7BDE6C008EC25A /* Project object */ = {
			isa = PBXProject;
			attributes = {
				LastUpgradeCheck = 0820;
				ORGANIZATIONNAME = "森 幸浩";
				TargetAttributes = {
					8DD5DCA11E7BDE6C008EC25A = {
						CreatedOnToolsVersion = 8.2.1;
						DevelopmentTeam = UWQ52Y5U3Z;
						ProvisioningStyle = Automatic;
					};
					8DD5DCBA1E7BDE6D008EC25A = {
						CreatedOnToolsVersion = 8.2.1;
						DevelopmentTeam = UWQ52Y5U3Z;
						ProvisioningStyle = Automatic;
						TestTargetID = 8DD5DCA11E7BDE6C008EC25A;
					};
					8DD5DCC51E7BDE6D008EC25A = {
						CreatedOnToolsVersion = 8.2.1;
						DevelopmentTeam = UWQ52Y5U3Z;
						ProvisioningStyle = Automatic;
						TestTargetID = 8DD5DCA11E7BDE6C008EC25A;
					};
				};
			};
			buildConfigurationList = 8DD5DC9D1E7BDE6C008EC25A /* Build configuration list for PBXProject "MobilTracker" */;
			compatibilityVersion = "Xcode 3.2";
			developmentRegion = English;
			hasScannedForEncodings = 0;
			knownRegions = (
				en,
				Base,
			);
			mainGroup = 8DD5DC991E7BDE6C008EC25A;
			productRefGroup = 8DD5DCA31E7BDE6D008EC25A /* Products */;
			projectDirPath = "";
			projectRoot = "";
			targets = (
				8DD5DCA11E7BDE6C008EC25A /* MobilTracker */,
				8DD5DCBA1E7BDE6D008EC25A /* MobilTrackerTests */,
				8DD5DCC51E7BDE6D008EC25A /* MobilTrackerUITests */,
			);
		};
/* End PBXProject section */

/* Begin PBXResourcesBuildPhase section */
		8DD5DCA01E7BDE6C008EC25A /* Resources */ = {
			isa = PBXResourcesBuildPhase;
			buildActionMask = 2147483647;
			files = (
				8D2F30FC1E85039900910F28 /* FMatrixComputation in Resources */,
				8D2F30FB1E85039900910F28 /* EllipseFitting in Resources */,
				8DD5DCB51E7BDE6D008EC25A /* LaunchScreen.storyboard in Resources */,
				8D2F31011E85039900910F28 /* PlaneReconstruction in Resources */,
				8D2F30F81E85039900910F28 /*  ElipseAnalysis in Resources */,
				8DD5DCB21E7BDE6D008EC25A /* Assets.xcassets in Resources */,
				8D2F31031E85039900910F28 /* TwoViewReconstruction in Resources */,
				8D509CC11E93840600404612 /* qrcode.xml in Resources */,
				8D2F30FD1E85039900910F28 /* HomographyComputation in Resources */,
				8D2F31001E85039900910F28 /* PlanarTriangulation in Resources */,
				8D2F31021E85039900910F28 /* Triangulation in Resources */,
				8D2F30FF1E85039900910F28 /* PerapectiveSelfCalibration in Resources */,
				8D2F30FA1E85039900910F28 /* BundleAdjustment in Resources */,
				8D2F30F91E85039900910F28 /* AffineCalibration in Resources */,
				8DD5DCB01E7BDE6D008EC25A /* Main.storyboard in Resources */,
				8D2F30FE1E85039900910F28 /* MultipleViewTriangulation in Resources */,
			);
			runOnlyForDeploymentPostprocessing = 0;
		};
		8DD5DCB91E7BDE6D008EC25A /* Resources */ = {
			isa = PBXResourcesBuildPhase;
			buildActionMask = 2147483647;
			files = (
			);
			runOnlyForDeploymentPostprocessing = 0;
		};
		8DD5DCC41E7BDE6D008EC25A /* Resources */ = {
			isa = PBXResourcesBuildPhase;
			buildActionMask = 2147483647;
			files = (
			);
			runOnlyForDeploymentPostprocessing = 0;
		};
/* End PBXResourcesBuildPhase section */

/* Begin PBXSourcesBuildPhase section */
		8DD5DC9E1E7BDE6C008EC25A /* Sources */ = {
			isa = PBXSourcesBuildPhase;
			buildActionMask = 2147483647;
			files = (
				8D509CC41E947C9200404612 /* QRFinder.mm in Sources */,
				8DD5DCEC1E7BF76C008EC25A /* ImageProcessor.mm in Sources */,
				8DD5DCEB1E7BF6AC008EC25A /* ViewController.mm in Sources */,
				8D1D3C361E80B5EC00A606DC /* ParticleFilter.mm in Sources */,
				8D1D3C401E836F6900A606DC /* FeatureMatcher.mm in Sources */,
				8D1D3C391E80DFAD00A606DC /* CalcDistance.mm in Sources */,
				8D2F31061E8507B400910F28 /* FrameTracker.mm in Sources */,
				8DD5DCAA1E7BDE6D008EC25A /* AppDelegate.m in Sources */,
				8DD5DCA71E7BDE6D008EC25A /* main.m in Sources */,
				8D509CBB1E91DEFF00404612 /* OpticalFlowCalculator.mm in Sources */,
				8D1D3C3D1E82417700A606DC /* TemplateMatcher.mm in Sources */,
			);
			runOnlyForDeploymentPostprocessing = 0;
		};
		8DD5DCB71E7BDE6D008EC25A /* Sources */ = {
			isa = PBXSourcesBuildPhase;
			buildActionMask = 2147483647;
			files = (
				8DD5DCC01E7BDE6D008EC25A /* MobileTrackingTests.m in Sources */,
			);
			runOnlyForDeploymentPostprocessing = 0;
		};
		8DD5DCC21E7BDE6D008EC25A /* Sources */ = {
			isa = PBXSourcesBuildPhase;
			buildActionMask = 2147483647;
			files = (
				8DD5DCCB1E7BDE6D008EC25A /* MobileTrackingUITests.m in Sources */,
			);
			runOnlyForDeploymentPostprocessing = 0;
		};
/* End PBXSourcesBuildPhase section */

/* Begin PBXTargetDependency section */
		8DD5DCBD1E7BDE6D008EC25A /* PBXTargetDependency */ = {
			isa = PBXTargetDependency;
			target = 8DD5DCA11E7BDE6C008EC25A /* MobilTracker */;
			targetProxy = 8DD5DCBC1E7BDE6D008EC25A /* PBXContainerItemProxy */;
		};
		8DD5DCC81E7BDE6D008EC25A /* PBXTargetDependency */ = {
			isa = PBXTargetDependency;
			target = 8DD5DCA11E7BDE6C008EC25A /* MobilTracker */;
			targetProxy = 8DD5DCC71E7BDE6D008EC25A /* PBXContainerItemProxy */;
		};
/* End PBXTargetDependency section */

/* Begin PBXVariantGroup section */
		8DD5DCAE1E7BDE6D008EC25A /* Main.storyboard */ = {
			isa = PBXVariantGroup;
			children = (
				8DD5DCAF1E7BDE6D008EC25A /* Base */,
			);
			name = Main.storyboard;
			sourceTree = "<group>";
		};
		8DD5DCB31E7BDE6D008EC25A /* LaunchScreen.storyboard */ = {
			isa = PBXVariantGroup;
			children = (
				8DD5DCB41E7BDE6D008EC25A /* Base */,
			);
			name = LaunchScreen.storyboard;
			sourceTree = "<group>";
		};
/* End PBXVariantGroup section */

/* Begin XCBuildConfiguration section */
		8DD5DCCD1E7BDE6D008EC25A /* Debug */ = {
			isa = XCBuildConfiguration;
			buildSettings = {
				ALWAYS_SEARCH_USER_PATHS = NO;
				CLANG_ANALYZER_NONNULL = YES;
				CLANG_CXX_LANGUAGE_STANDARD = "gnu++0x";
				CLANG_CXX_LIBRARY = "libc++";
				CLANG_ENABLE_MODULES = YES;
				CLANG_ENABLE_OBJC_ARC = YES;
				CLANG_WARN_BOOL_CONVERSION = YES;
				CLANG_WARN_CONSTANT_CONVERSION = YES;
				CLANG_WARN_DIRECT_OBJC_ISA_USAGE = YES_ERROR;
				CLANG_WARN_DOCUMENTATION_COMMENTS = YES;
				CLANG_WARN_EMPTY_BODY = YES;
				CLANG_WARN_ENUM_CONVERSION = YES;
				CLANG_WARN_INFINITE_RECURSION = YES;
				CLANG_WARN_INT_CONVERSION = YES;
				CLANG_WARN_OBJC_ROOT_CLASS = YES_ERROR;
				CLANG_WARN_SUSPICIOUS_MOVE = YES;
				CLANG_WARN_UNREACHABLE_CODE = YES;
				CLANG_WARN__DUPLICATE_METHOD_MATCH = YES;
				"CODE_SIGN_IDENTITY[sdk=iphoneos*]" = "iPhone Developer";
				COPY_PHASE_STRIP = NO;
				DEBUG_INFORMATION_FORMAT = dwarf;
				ENABLE_STRICT_OBJC_MSGSEND = YES;
				ENABLE_TESTABILITY = YES;
				GCC_C_LANGUAGE_STANDARD = gnu99;
				GCC_DYNAMIC_NO_PIC = NO;
				GCC_NO_COMMON_BLOCKS = YES;
				GCC_OPTIMIZATION_LEVEL = 0;
				GCC_PREPROCESSOR_DEFINITIONS = (
					"DEBUG=1",
					"$(inherited)",
				);
				GCC_WARN_64_TO_32_BIT_CONVERSION = YES;
				GCC_WARN_ABOUT_RETURN_TYPE = YES_ERROR;
				GCC_WARN_UNDECLARED_SELECTOR = YES;
				GCC_WARN_UNINITIALIZED_AUTOS = YES_AGGRESSIVE;
				GCC_WARN_UNUSED_FUNCTION = YES;
				GCC_WARN_UNUSED_VARIABLE = YES;
				IPHONEOS_DEPLOYMENT_TARGET = 10.2;
				MTL_ENABLE_DEBUG_INFO = YES;
				ONLY_ACTIVE_ARCH = YES;
				SDKROOT = iphoneos;
				TARGETED_DEVICE_FAMILY = "1,2";
			};
			name = Debug;
		};
		8DD5DCCE1E7BDE6D008EC25A /* Release */ = {
			isa = XCBuildConfiguration;
			buildSettings = {
				ALWAYS_SEARCH_USER_PATHS = NO;
				CLANG_ANALYZER_NONNULL = YES;
				CLANG_CXX_LANGUAGE_STANDARD = "gnu++0x";
				CLANG_CXX_LIBRARY = "libc++";
				CLANG_ENABLE_MODULES = YES;
				CLANG_ENABLE_OBJC_ARC = YES;
				CLANG_WARN_BOOL_CONVERSION = YES;
				CLANG_WARN_CONSTANT_CONVERSION = YES;
				CLANG_WARN_DIRECT_OBJC_ISA_USAGE = YES_ERROR;
				CLANG_WARN_DOCUMENTATION_COMMENTS = YES;
				CLANG_WARN_EMPTY_BODY = YES;
				CLANG_WARN_ENUM_CONVERSION = YES;
				CLANG_WARN_INFINITE_RECURSION = YES;
				CLANG_WARN_INT_CONVERSION = YES;
				CLANG_WARN_OBJC_ROOT_CLASS = YES_ERROR;
				CLANG_WARN_SUSPICIOUS_MOVE = YES;
				CLANG_WARN_UNREACHABLE_CODE = YES;
				CLANG_WARN__DUPLICATE_METHOD_MATCH = YES;
				"CODE_SIGN_IDENTITY[sdk=iphoneos*]" = "iPhone Developer";
				COPY_PHASE_STRIP = NO;
				DEBUG_INFORMATION_FORMAT = "dwarf-with-dsym";
				ENABLE_NS_ASSERTIONS = NO;
				ENABLE_STRICT_OBJC_MSGSEND = YES;
				GCC_C_LANGUAGE_STANDARD = gnu99;
				GCC_NO_COMMON_BLOCKS = YES;
				GCC_WARN_64_TO_32_BIT_CONVERSION = YES;
				GCC_WARN_ABOUT_RETURN_TYPE = YES_ERROR;
				GCC_WARN_UNDECLARED_SELECTOR = YES;
				GCC_WARN_UNINITIALIZED_AUTOS = YES_AGGRESSIVE;
				GCC_WARN_UNUSED_FUNCTION = YES;
				GCC_WARN_UNUSED_VARIABLE = YES;
				IPHONEOS_DEPLOYMENT_TARGET = 10.2;
				MTL_ENABLE_DEBUG_INFO = NO;
				SDKROOT = iphoneos;
				TARGETED_DEVICE_FAMILY = "1,2";
				VALIDATE_PRODUCT = YES;
			};
			name = Release;
		};
		8DD5DCD01E7BDE6D008EC25A /* Debug */ = {
			isa = XCBuildConfiguration;
			buildSettings = {
				ASSETCATALOG_COMPILER_APPICON_NAME = AppIcon;
				CLANG_CXX_LANGUAGE_STANDARD = "gnu++14";
				CLANG_CXX_LIBRARY = "libc++";
				DEVELOPMENT_TEAM = UWQ52Y5U3Z;
				FRAMEWORK_SEARCH_PATHS = "/Users/mori/Documents/Frameworks/ios/**";
				HEADER_SEARCH_PATHS = (
					"/Users/mori/Documents/Library/glm/**",
					/Users/mori/Documents/Library/Eigen,
				);
				INFOPLIST_FILE = MobileTracker/Info.plist;
				LD_RUNPATH_SEARCH_PATHS = "$(inherited) @executable_path/Frameworks";
				LIBRARY_SEARCH_PATHS = "";
				PRODUCT_BUNDLE_IDENTIFIER = Teramonkeys.MobileTracker;
				PRODUCT_NAME = "$(TARGET_NAME)";
			};
			name = Debug;
		};
		8DD5DCD11E7BDE6D008EC25A /* Release */ = {
			isa = XCBuildConfiguration;
			buildSettings = {
				ASSETCATALOG_COMPILER_APPICON_NAME = AppIcon;
				CLANG_CXX_LANGUAGE_STANDARD = "gnu++14";
				CLANG_CXX_LIBRARY = "libc++";
				DEVELOPMENT_TEAM = UWQ52Y5U3Z;
				FRAMEWORK_SEARCH_PATHS = "/Users/mori/Documents/Frameworks/ios/**";
				HEADER_SEARCH_PATHS = (
					"/Users/mori/Documents/Library/glm/**",
					/Users/mori/Documents/Library/Eigen,
				);
				INFOPLIST_FILE = MobileTracker/Info.plist;
				LD_RUNPATH_SEARCH_PATHS = "$(inherited) @executable_path/Frameworks";
				LIBRARY_SEARCH_PATHS = "";
				PRODUCT_BUNDLE_IDENTIFIER = Teramonkeys.MobileTracker;
				PRODUCT_NAME = "$(TARGET_NAME)";
			};
			name = Release;
		};
		8DD5DCD31E7BDE6D008EC25A /* Debug */ = {
			isa = XCBuildConfiguration;
			buildSettings = {
				BUNDLE_LOADER = "$(TEST_HOST)";
				DEVELOPMENT_TEAM = UWQ52Y5U3Z;
				INFOPLIST_FILE = MobileTrackingTests/Info.plist;
				LD_RUNPATH_SEARCH_PATHS = "$(inherited) @executable_path/Frameworks @loader_path/Frameworks";
				PRODUCT_BUNDLE_IDENTIFIER = Teramonkeys.MobileTrackingTests;
				PRODUCT_NAME = "$(TARGET_NAME)";
				TEST_HOST = "$(BUILT_PRODUCTS_DIR)/MobilTracker.app/MobilTracker";
			};
			name = Debug;
		};
		8DD5DCD41E7BDE6D008EC25A /* Release */ = {
			isa = XCBuildConfiguration;
			buildSettings = {
				BUNDLE_LOADER = "$(TEST_HOST)";
				DEVELOPMENT_TEAM = UWQ52Y5U3Z;
				INFOPLIST_FILE = MobileTrackingTests/Info.plist;
				LD_RUNPATH_SEARCH_PATHS = "$(inherited) @executable_path/Frameworks @loader_path/Frameworks";
				PRODUCT_BUNDLE_IDENTIFIER = Teramonkeys.MobileTrackingTests;
				PRODUCT_NAME = "$(TARGET_NAME)";
				TEST_HOST = "$(BUILT_PRODUCTS_DIR)/MobilTracker.app/MobilTracker";
			};
			name = Release;
		};
		8DD5DCD61E7BDE6D008EC25A /* Debug */ = {
			isa = XCBuildConfiguration;
			buildSettings = {
				DEVELOPMENT_TEAM = UWQ52Y5U3Z;
				INFOPLIST_FILE = MobileTrackingUITests/Info.plist;
				LD_RUNPATH_SEARCH_PATHS = "$(inherited) @executable_path/Frameworks @loader_path/Frameworks";
				PRODUCT_BUNDLE_IDENTIFIER = Teramonkeys.MobileTrackingUITests;
				PRODUCT_NAME = "$(TARGET_NAME)";
				TEST_TARGET_NAME = MobileTracking;
			};
			name = Debug;
		};
		8DD5DCD71E7BDE6D008EC25A /* Release */ = {
			isa = XCBuildConfiguration;
			buildSettings = {
				DEVELOPMENT_TEAM = UWQ52Y5U3Z;
				INFOPLIST_FILE = MobileTrackingUITests/Info.plist;
				LD_RUNPATH_SEARCH_PATHS = "$(inherited) @executable_path/Frameworks @loader_path/Frameworks";
				PRODUCT_BUNDLE_IDENTIFIER = Teramonkeys.MobileTrackingUITests;
				PRODUCT_NAME = "$(TARGET_NAME)";
				TEST_TARGET_NAME = MobileTracking;
			};
			name = Release;
		};
/* End XCBuildConfiguration section */

/* Begin XCConfigurationList section */
		8DD5DC9D1E7BDE6C008EC25A /* Build configuration list for PBXProject "MobilTracker" */ = {
			isa = XCConfigurationList;
			buildConfigurations = (
				8DD5DCCD1E7BDE6D008EC25A /* Debug */,
				8DD5DCCE1E7BDE6D008EC25A /* Release */,
			);
			defaultConfigurationIsVisible = 0;
			defaultConfigurationName = Release;
		};
		8DD5DCCF1E7BDE6D008EC25A /* Build configuration list for PBXNativeTarget "MobilTracker" */ = {
			isa = XCConfigurationList;
			buildConfigurations = (
				8DD5DCD01E7BDE6D008EC25A /* Debug */,
				8DD5DCD11E7BDE6D008EC25A /* Release */,
			);
			defaultConfigurationIsVisible = 0;
			defaultConfigurationName = Release;
		};
		8DD5DCD21E7BDE6D008EC25A /* Build configuration list for PBXNativeTarget "MobilTrackerTests" */ = {
			isa = XCConfigurationList;
			buildConfigurations = (
				8DD5DCD31E7BDE6D008EC25A /* Debug */,
				8DD5DCD41E7BDE6D008EC25A /* Release */,
			);
			defaultConfigurationIsVisible = 0;
			defaultConfigurationName = Release;
		};
		8DD5DCD51E7BDE6D008EC25A /* Build configuration list for PBXNativeTarget "MobilTrackerUITests" */ = {
			isa = XCConfigurationList;
			buildConfigurations = (
				8DD5DCD61E7BDE6D008EC25A /* Debug */,
				8DD5DCD71E7BDE6D008EC25A /* Release */,
			);
			defaultConfigurationIsVisible = 0;
			defaultConfigurationName = Release;
		};
/* End XCConfigurationList section */
	};
	rootObject = 8DD5DC9A1E7BDE6C008EC25A /* Project object */;
}
